
Microsoft Visual Studio Solution File, Format Version 12.00
# Visual Studio Version 16
VisualStudioVersion = 16.0.30218.91
MinimumVisualStudioVersion = 10.0.40219.1
Project("{9A19103F-16F7-4668-BE54-9A1E7A4F7556}") = "ZStringFormatExtension", "src\ZStringFormatExtension.csproj", "{6B51BB5A-4787-40F4-B797-936ADBF08918}"
EndProject
Project("{9A19103F-16F7-4668-BE54-9A1E7A4F7556}") = "ZStringFormatExtensionTest", "test\ZStringFormatExtensionTest.csproj", "{D1E14808-9D93-4258-A86B-38BEE6E397FD}"
EndProject
Global
	GlobalSection(SolutionConfigurationPlatforms) = preSolution
		Debug|Any CPU = Debug|Any CPU
		Release|Any CPU = Release|Any CPU
	EndGlobalSection
	GlobalSection(ProjectConfigurationPlatforms) = postSolution
		{6B51BB5A-4787-40F4-B797-936ADBF08918}.Debug|Any CPU.ActiveCfg = Debug|Any CPU
		{6B51BB5A-4787-40F4-B797-936ADBF08918}.Debug|Any CPU.Build.0 = Debug|Any CPU
		{6B51BB5A-4787-40F4-B797-936ADBF08918}.Release|Any CPU.ActiveCfg = Release|Any CPU
		{6B51BB5A-4787-40F4-B797-936ADBF08918}.Release|Any CPU.Build.0 = Release|Any CPU
		{D1E14808-9D93-4258-A86B-38BEE6E397FD}.Debug|Any CPU.ActiveCfg = Debug|Any CPU
		{D1E14808-9D93-4258-A86B-38BEE6E397FD}.Debug|Any CPU.Build.0 = Debug|Any CPU
		{D1E14808-9D93-4258-A86B-38BEE6E397FD}.Release|Any CPU.ActiveCfg = Release|Any CPU
		{D1E14808-9D93-4258-A86B-38BEE6E397FD}.Release|Any CPU.Build.0 = Release|Any CPU
	EndGlobalSection
	GlobalSection(SolutionProperties) = preSolution
		HideSolutionNode = FALSE
	EndGlobalSection
	GlobalSection(ExtensibilityGlobals) = postSolution
		SolutionGuid = {4406CC07-069C-4792-9CA1-DFFAE1C9DA7E}
	EndGlobalSection
EndGlobal
